
Microsoft Visual Studio Solution File, Format Version 12.00
# Visual Studio 15
VisualStudioVersion = 15.0.28307.2092
MinimumVisualStudioVersion = 10.0.40219.1
Project("{FAE04EC0-301F-11D3-BF4B-00C04F79EFBC}") = "GoalieWeb", "GoalieWeb\GoalieWeb.csproj", "{7E56C2CC-EC3B-4CAE-ADE5-F003A23C7EFB}"
EndProject
Project("{FAE04EC0-301F-11D3-BF4B-00C04F79EFBC}") = "GoalieModels", "GoalieModels\GoalieModels.csproj", "{87EE2ED5-1959-443B-9D58-25E4CDE774A4}"
EndProject
Global
	GlobalSection(SolutionConfigurationPlatforms) = preSolution
		Debug|Any CPU = Debug|Any CPU
		Release|Any CPU = Release|Any CPU
	EndGlobalSection
	GlobalSection(ProjectConfigurationPlatforms) = postSolution
		{7E56C2CC-EC3B-4CAE-ADE5-F003A23C7EFB}.Debug|Any CPU.ActiveCfg = Debug|Any CPU
		{7E56C2CC-EC3B-4CAE-ADE5-F003A23C7EFB}.Debug|Any CPU.Build.0 = Debug|Any CPU
		{7E56C2CC-EC3B-4CAE-ADE5-F003A23C7EFB}.Release|Any CPU.ActiveCfg = Release|Any CPU
		{7E56C2CC-EC3B-4CAE-ADE5-F003A23C7EFB}.Release|Any CPU.Build.0 = Release|Any CPU
		{87EE2ED5-1959-443B-9D58-25E4CDE774A4}.Debug|Any CPU.ActiveCfg = Debug|Any CPU
		{87EE2ED5-1959-443B-9D58-25E4CDE774A4}.Debug|Any CPU.Build.0 = Debug|Any CPU
		{87EE2ED5-1959-443B-9D58-25E4CDE774A4}.Release|Any CPU.ActiveCfg = Release|Any CPU
		{87EE2ED5-1959-443B-9D58-25E4CDE774A4}.Release|Any CPU.Build.0 = Release|Any CPU
	EndGlobalSection
	GlobalSection(SolutionProperties) = preSolution
		HideSolutionNode = FALSE
	EndGlobalSection
	GlobalSection(ExtensibilityGlobals) = postSolution
		SolutionGuid = {4D2D26F6-22F8-452B-B809-062AEC358C69}
	EndGlobalSection
EndGlobal
