
Microsoft Visual Studio Solution File, Format Version 12.00
# Visual Studio 15
VisualStudioVersion = 15.0.28307.2092
MinimumVisualStudioVersion = 10.0.40219.1
Project("{FAE04EC0-301F-11D3-BF4B-00C04F79EFBC}") = "GoalieModels", "GoalieModels\GoalieModels.csproj", "{87EE2ED5-1959-443B-9D58-25E4CDE774A4}"
EndProject
Project("{FAE04EC0-301F-11D3-BF4B-00C04F79EFBC}") = "GoalieApi", "GoalieApi\GoalieApi.csproj", "{83A2EACB-A6CB-49ED-9134-6124F5DAC2D7}"
EndProject
Project("{FAE04EC0-301F-11D3-BF4B-00C04F79EFBC}") = "GoalieApi.Tests", "GoalieApi.Tests\GoalieApi.Tests.csproj", "{653D807F-C40F-4A0A-86B6-9159068B92D4}"
EndProject
Global
	GlobalSection(SolutionConfigurationPlatforms) = preSolution
		Debug|Any CPU = Debug|Any CPU
		Release|Any CPU = Release|Any CPU
	EndGlobalSection
	GlobalSection(ProjectConfigurationPlatforms) = postSolution
		{87EE2ED5-1959-443B-9D58-25E4CDE774A4}.Debug|Any CPU.ActiveCfg = Debug|Any CPU
		{87EE2ED5-1959-443B-9D58-25E4CDE774A4}.Debug|Any CPU.Build.0 = Debug|Any CPU
		{87EE2ED5-1959-443B-9D58-25E4CDE774A4}.Release|Any CPU.ActiveCfg = Release|Any CPU
		{87EE2ED5-1959-443B-9D58-25E4CDE774A4}.Release|Any CPU.Build.0 = Release|Any CPU
		{83A2EACB-A6CB-49ED-9134-6124F5DAC2D7}.Debug|Any CPU.ActiveCfg = Debug|Any CPU
		{83A2EACB-A6CB-49ED-9134-6124F5DAC2D7}.Debug|Any CPU.Build.0 = Debug|Any CPU
		{83A2EACB-A6CB-49ED-9134-6124F5DAC2D7}.Release|Any CPU.ActiveCfg = Release|Any CPU
		{83A2EACB-A6CB-49ED-9134-6124F5DAC2D7}.Release|Any CPU.Build.0 = Release|Any CPU
		{653D807F-C40F-4A0A-86B6-9159068B92D4}.Debug|Any CPU.ActiveCfg = Debug|Any CPU
		{653D807F-C40F-4A0A-86B6-9159068B92D4}.Debug|Any CPU.Build.0 = Debug|Any CPU
		{653D807F-C40F-4A0A-86B6-9159068B92D4}.Release|Any CPU.ActiveCfg = Release|Any CPU
		{653D807F-C40F-4A0A-86B6-9159068B92D4}.Release|Any CPU.Build.0 = Release|Any CPU
	EndGlobalSection
	GlobalSection(SolutionProperties) = preSolution
		HideSolutionNode = FALSE
	EndGlobalSection
	GlobalSection(ExtensibilityGlobals) = postSolution
		SolutionGuid = {097EE3BA-9BEC-4CD5-A15F-92608B912BC0}
	EndGlobalSection
EndGlobal
